
Microsoft Visual Studio Solution File, Format Version 12.00
# Visual Studio Version 16
VisualStudioVersion = 16.0.31205.134
MinimumVisualStudioVersion = 10.0.40219.1
Project("{FAE04EC0-301F-11D3-BF4B-00C04F79EFBC}") = "Regex - Find an Anagram of a String in Another String", "Regex - Find an Anagram of a String in Another String.csproj", "{198DAAB1-5ED3-47E5-B2EF-3970D3E9D4DA}"
EndProject
Global
	GlobalSection(SolutionConfigurationPlatforms) = preSolution
		Debug|Any CPU = Debug|Any CPU
		Release|Any CPU = Release|Any CPU
	EndGlobalSection
	GlobalSection(ProjectConfigurationPlatforms) = postSolution
		{198DAAB1-5ED3-47E5-B2EF-3970D3E9D4DA}.Debug|Any CPU.ActiveCfg = Debug|Any CPU
		{198DAAB1-5ED3-47E5-B2EF-3970D3E9D4DA}.Debug|Any CPU.Build.0 = Debug|Any CPU
		{198DAAB1-5ED3-47E5-B2EF-3970D3E9D4DA}.Release|Any CPU.ActiveCfg = Release|Any CPU
		{198DAAB1-5ED3-47E5-B2EF-3970D3E9D4DA}.Release|Any CPU.Build.0 = Release|Any CPU
	EndGlobalSection
	GlobalSection(SolutionProperties) = preSolution
		HideSolutionNode = FALSE
	EndGlobalSection
	GlobalSection(ExtensibilityGlobals) = postSolution
		SolutionGuid = {F8B8444A-6EFB-46B9-9436-7CFCF697CB85}
	EndGlobalSection
EndGlobal
