
Microsoft Visual Studio Solution File, Format Version 12.00
# Visual Studio Version 16
VisualStudioVersion = 16.0.31205.134
MinimumVisualStudioVersion = 10.0.40219.1
Project("{FAE04EC0-301F-11D3-BF4B-00C04F79EFBC}") = "FibonacciWordVryHard", "FibonacciWordVryHard.csproj", "{5ACEA588-8D05-4ABC-AD9C-C84583AE28A6}"
EndProject
Global
	GlobalSection(SolutionConfigurationPlatforms) = preSolution
		Debug|Any CPU = Debug|Any CPU
		Release|Any CPU = Release|Any CPU
	EndGlobalSection
	GlobalSection(ProjectConfigurationPlatforms) = postSolution
		{5ACEA588-8D05-4ABC-AD9C-C84583AE28A6}.Debug|Any CPU.ActiveCfg = Debug|Any CPU
		{5ACEA588-8D05-4ABC-AD9C-C84583AE28A6}.Debug|Any CPU.Build.0 = Debug|Any CPU
		{5ACEA588-8D05-4ABC-AD9C-C84583AE28A6}.Release|Any CPU.ActiveCfg = Release|Any CPU
		{5ACEA588-8D05-4ABC-AD9C-C84583AE28A6}.Release|Any CPU.Build.0 = Release|Any CPU
	EndGlobalSection
	GlobalSection(SolutionProperties) = preSolution
		HideSolutionNode = FALSE
	EndGlobalSection
	GlobalSection(ExtensibilityGlobals) = postSolution
		SolutionGuid = {FED63127-C39F-43A4-97DF-7151AAA9AE2D}
	EndGlobalSection
EndGlobal
