
Microsoft Visual Studio Solution File, Format Version 12.00
# Visual Studio Version 16
VisualStudioVersion = 16.0.31205.134
MinimumVisualStudioVersion = 10.0.40219.1
Project("{FAE04EC0-301F-11D3-BF4B-00C04F79EFBC}") = "Recursion - Kaprekar's Constant", "Recursion - Kaprekar's Constant.csproj", "{D6117A9B-C4E8-4A24-AD7D-0EA6AEFB823F}"
EndProject
Global
	GlobalSection(SolutionConfigurationPlatforms) = preSolution
		Debug|Any CPU = Debug|Any CPU
		Release|Any CPU = Release|Any CPU
	EndGlobalSection
	GlobalSection(ProjectConfigurationPlatforms) = postSolution
		{D6117A9B-C4E8-4A24-AD7D-0EA6AEFB823F}.Debug|Any CPU.ActiveCfg = Debug|Any CPU
		{D6117A9B-C4E8-4A24-AD7D-0EA6AEFB823F}.Debug|Any CPU.Build.0 = Debug|Any CPU
		{D6117A9B-C4E8-4A24-AD7D-0EA6AEFB823F}.Release|Any CPU.ActiveCfg = Release|Any CPU
		{D6117A9B-C4E8-4A24-AD7D-0EA6AEFB823F}.Release|Any CPU.Build.0 = Release|Any CPU
	EndGlobalSection
	GlobalSection(SolutionProperties) = preSolution
		HideSolutionNode = FALSE
	EndGlobalSection
	GlobalSection(ExtensibilityGlobals) = postSolution
		SolutionGuid = {3DDF9756-350C-4E60-B6BE-D09EE220FF85}
	EndGlobalSection
EndGlobal
