
Microsoft Visual Studio Solution File, Format Version 12.00
# Visual Studio Version 16
VisualStudioVersion = 16.0.31205.134
MinimumVisualStudioVersion = 10.0.40219.1
Project("{FAE04EC0-301F-11D3-BF4B-00C04F79EFBC}") = "Math - The Smallest Number", "Math - The Smallest Number.csproj", "{F425E928-C3C3-4CD6-9557-FAAAA14D02A0}"
EndProject
Global
	GlobalSection(SolutionConfigurationPlatforms) = preSolution
		Debug|Any CPU = Debug|Any CPU
		Release|Any CPU = Release|Any CPU
	EndGlobalSection
	GlobalSection(ProjectConfigurationPlatforms) = postSolution
		{F425E928-C3C3-4CD6-9557-FAAAA14D02A0}.Debug|Any CPU.ActiveCfg = Debug|Any CPU
		{F425E928-C3C3-4CD6-9557-FAAAA14D02A0}.Debug|Any CPU.Build.0 = Debug|Any CPU
		{F425E928-C3C3-4CD6-9557-FAAAA14D02A0}.Release|Any CPU.ActiveCfg = Release|Any CPU
		{F425E928-C3C3-4CD6-9557-FAAAA14D02A0}.Release|Any CPU.Build.0 = Release|Any CPU
	EndGlobalSection
	GlobalSection(SolutionProperties) = preSolution
		HideSolutionNode = FALSE
	EndGlobalSection
	GlobalSection(ExtensibilityGlobals) = postSolution
		SolutionGuid = {5C4E5A2A-F517-4A0D-99BA-CF19D496AD74}
	EndGlobalSection
EndGlobal
