
Microsoft Visual Studio Solution File, Format Version 12.00
# Visual Studio Version 16
VisualStudioVersion = 16.0.31205.134
MinimumVisualStudioVersion = 10.0.40219.1
Project("{FAE04EC0-301F-11D3-BF4B-00C04F79EFBC}") = "Object - Multiple Choice Tests", "Object - Multiple Choice Tests.csproj", "{1239B863-2429-4DE9-A88F-591A23749434}"
EndProject
Global
	GlobalSection(SolutionConfigurationPlatforms) = preSolution
		Debug|Any CPU = Debug|Any CPU
		Release|Any CPU = Release|Any CPU
	EndGlobalSection
	GlobalSection(ProjectConfigurationPlatforms) = postSolution
		{1239B863-2429-4DE9-A88F-591A23749434}.Debug|Any CPU.ActiveCfg = Debug|Any CPU
		{1239B863-2429-4DE9-A88F-591A23749434}.Debug|Any CPU.Build.0 = Debug|Any CPU
		{1239B863-2429-4DE9-A88F-591A23749434}.Release|Any CPU.ActiveCfg = Release|Any CPU
		{1239B863-2429-4DE9-A88F-591A23749434}.Release|Any CPU.Build.0 = Release|Any CPU
	EndGlobalSection
	GlobalSection(SolutionProperties) = preSolution
		HideSolutionNode = FALSE
	EndGlobalSection
	GlobalSection(ExtensibilityGlobals) = postSolution
		SolutionGuid = {F477FCC3-EF5D-4EEE-851E-4D831CDA4962}
	EndGlobalSection
EndGlobal
